PODS:
  - AFNetworking (4.0.1):
    - AFNetworking/NSURLSession (= 4.0.1)
    - AFNetworking/Reachability (= 4.0.1)
    - AFNetworking/Security (= 4.0.1)
    - AFNetworking/Serialization (= 4.0.1)
    - AFNetworking/UIKit (= 4.0.1)
  - AFNetworking/NSURLSession (4.0.1):
    - AFNetworking/Reachability
    - AFNetworking/Security
    - AFNetworking/Serialization
  - AFNetworking/Reachability (4.0.1)
  - AFNetworking/Security (4.0.1)
  - AFNetworking/Serialization (4.0.1)
  - AFNetworking/UIKit (4.0.1):
    - AFNetworking/NSURLSession
  - BlocksKit (2.2.5):
    - BlocksKit/All (= 2.2.5)
  - BlocksKit/All (2.2.5):
    - BlocksKit/Core
    - BlocksKit/DynamicDelegate
    - BlocksKit/MessageUI
    - BlocksKit/UIKit
  - BlocksKit/Core (2.2.5)
  - BlocksKit/DynamicDelegate (2.2.5)
  - BlocksKit/MessageUI (2.2.5):
    - BlocksKit/Core
    - BlocksKit/DynamicDelegate
  - BlocksKit/UIKit (2.2.5):
    - BlocksKit/Core
    - BlocksKit/DynamicDelegate
  - Bugly (2.5.71)
  - CWStatusBarNotification (2.3.5)
  - Masonry (1.1.0)
  - MBProgressHUD (1.2.0)
  - MJExtension (3.2.2)
  - MJRefresh (3.5.0)
  - SDWebImage (5.10.0):
    - SDWebImage/Core (= 5.10.0)
  - SDWebImage/Core (5.10.0)
  - SuperPlayer/Player (3.1.1):
    - AFNetworking
    - Masonry
    - SDWebImage

DEPENDENCIES:
  - AFNetworking
  - BlocksKit (~> 2.2.5)
  - Bugly
  - CWStatusBarNotification (~> 2.3.5)
  - Masonry
  - MBProgressHUD (~> 1.2.0)
  - MJExtension
  - MJRefresh
  - SDWebImage
  - SuperPlayer/Player (from `./TXLiteAVDemo/SuperPlayerKit/SuperPlayer.podspec`)

SPEC REPOS:
  https://cdn.cocoapods.org/:
    - AFNetworking
    - BlocksKit
    - Bugly
    - CWStatusBarNotification
    - Masonry
    - MBProgressHUD
    - MJExtension
    - MJRefresh
    - SDWebImage

EXTERNAL SOURCES:
  SuperPlayer:
    :path: "./TXLiteAVDemo/SuperPlayerKit/SuperPlayer.podspec"

SPEC CHECKSUMS:
  AFNetworking: 7864c38297c79aaca1500c33288e429c3451fdce
  BlocksKit: 7f422b971407001178d181a43b99014ea2591fe6
  Bugly: fd066c75c4a0eca1440f9b6a84bd37d51bfc85ac
  CWStatusBarNotification: 3d2738b25c3207f60cc50201388d3c96182545ff
  Masonry: 678fab65091a9290e40e2832a55e7ab731aad201
  MBProgressHUD: 3ee5efcc380f6a79a7cc9b363dd669c5e1ae7406
  MJExtension: d9b9c74cbdeb724c1e9ecbb157b318276e62e876
  MJRefresh: 6afc955813966afb08305477dd7a0d9ad5e79a16
  SDWebImage: 9169792e9eec3e45bba2a0c02f74bf8bd922d1ee
  SuperPlayer: 3f49af712410a59c42c2c9bfcacd33e3a0e3e5ab

PODFILE CHECKSUM: 1df379d334d15387f79476735627426f004b5aed

COCOAPODS: 1.10.0
